
Microsoft Visual Studio Solution File, Format Version 12.00
# Visual Studio 2013
VisualStudioVersion = 12.0.31101.0
MinimumVisualStudioVersion = 10.0.40219.1
Project("{FAE04EC0-301F-11D3-BF4B-00C04F79EFBC}") = "Honeycomb", "Honeycomb\Honeycomb.csproj", "{CD6D6A3B-0B9B-411B-A6A0-D6364B63AAA7}"
EndProject
Project("{FAE04EC0-301F-11D3-BF4B-00C04F79EFBC}") = "CrawlerClient", "CrawlerClient\CrawlerClient.csproj", "{0131EF6B-103B-4B96-B76C-3CB769290FCC}"
EndProject
Project("{FAE04EC0-301F-11D3-BF4B-00C04F79EFBC}") = "Honeycomb.Shared", "Honeycomb.Shared\Honeycomb.Shared.csproj", "{4AF188A2-A6F3-4C44-9E2B-5F1CBD6ADF27}"
EndProject
Project("{2150E333-8FDC-42A3-9474-1A3956D46DE8}") = "Solution Items", "Solution Items", "{39D23711-87FF-4774-A694-6FA0F67663A0}"
	ProjectSection(SolutionItems) = preProject
		Performance1.psess = Performance1.psess
		Performance2.psess = Performance2.psess
	EndProjectSection
EndProject
Global
	GlobalSection(SolutionConfigurationPlatforms) = preSolution
		Debug|Any CPU = Debug|Any CPU
		Release|Any CPU = Release|Any CPU
	EndGlobalSection
	GlobalSection(ProjectConfigurationPlatforms) = postSolution
		{CD6D6A3B-0B9B-411B-A6A0-D6364B63AAA7}.Debug|Any CPU.ActiveCfg = Debug|Any CPU
		{CD6D6A3B-0B9B-411B-A6A0-D6364B63AAA7}.Debug|Any CPU.Build.0 = Debug|Any CPU
		{CD6D6A3B-0B9B-411B-A6A0-D6364B63AAA7}.Release|Any CPU.ActiveCfg = Release|Any CPU
		{CD6D6A3B-0B9B-411B-A6A0-D6364B63AAA7}.Release|Any CPU.Build.0 = Release|Any CPU
		{0131EF6B-103B-4B96-B76C-3CB769290FCC}.Debug|Any CPU.ActiveCfg = Debug|Any CPU
		{0131EF6B-103B-4B96-B76C-3CB769290FCC}.Debug|Any CPU.Build.0 = Debug|Any CPU
		{0131EF6B-103B-4B96-B76C-3CB769290FCC}.Release|Any CPU.ActiveCfg = Release|Any CPU
		{0131EF6B-103B-4B96-B76C-3CB769290FCC}.Release|Any CPU.Build.0 = Release|Any CPU
		{4AF188A2-A6F3-4C44-9E2B-5F1CBD6ADF27}.Debug|Any CPU.ActiveCfg = Debug|Any CPU
		{4AF188A2-A6F3-4C44-9E2B-5F1CBD6ADF27}.Debug|Any CPU.Build.0 = Debug|Any CPU
		{4AF188A2-A6F3-4C44-9E2B-5F1CBD6ADF27}.Release|Any CPU.ActiveCfg = Release|Any CPU
		{4AF188A2-A6F3-4C44-9E2B-5F1CBD6ADF27}.Release|Any CPU.Build.0 = Release|Any CPU
	EndGlobalSection
	GlobalSection(SolutionProperties) = preSolution
		HideSolutionNode = FALSE
	EndGlobalSection
	GlobalSection(Performance) = preSolution
		HasPerformanceSessions = true
	EndGlobalSection
EndGlobal
